{
  "object": {
    "pins": [
      {
        "package": "CoreCorbusier",
        "repositoryURL": "https://github.com/corbusier-lang/CoreCorbusier.git",
        "state": {
          "branch": "master",
          "revision": "c8971d1a84153843a3db2f64aee31d3dfd3e6c27",
          "version": null
        }
      }
    ]
  },
  "version": 1
}
