{
  "object": {
    "pins": [
      {
        "package": "CoreCorbusier",
        "repositoryURL": "https://github.com/corbusier-lang/CoreCorbusier.git",
        "state": {
          "branch": "master",
          "revision": "228ea162dbbd5ac0dc4f893b79d038c5bdb075b9",
          "version": null
        }
      }
    ]
  },
  "version": 1
}
