{
  "object": {
    "pins": [
      {
        "package": "CoreCorbusier",
        "repositoryURL": "https://github.com/corbusier-lang/CoreCorbusier.git",
        "state": {
          "branch": "master",
          "revision": "f831750dc7456ace65f056bfb96e102faad22dac",
          "version": null
        }
      }
    ]
  },
  "version": 1
}
